{
  "nodes": {
    "cl-boundary-kit": {
      "flake": false,
      "locked": {
        "lastModified": 1784528272,
        "narHash": "sha256-TqmaimCqth6nvjSOWzYtk3/Oc0ylOt2doWrCSY6Tltg=",
        "owner": "nerima-lisp",
        "repo": "cl-boundary-kit",
        "rev": "c33694d00bc2657676b30c78f4a7aed477f84697",
        "type": "github"
      },
      "original": {
        "owner": "nerima-lisp",
        "repo": "cl-boundary-kit",
        "type": "github"
      }
    },
    "cl-cc-ast": {
      "flake": false,
      "locked": {
        "lastModified": 1784814404,
        "narHash": "sha256-011VZBhh0cS6WsxA0tcpK1SV5u7P2k+anWj5FAjWDpU=",
        "owner": "nerima-lisp",
        "repo": "cl-cc-ast",
        "rev": "2fe4617a9ad5b30344796a552dddd1a09efecc4a",
        "type": "github"
      },
      "original": {
        "owner": "nerima-lisp",
        "repo": "cl-cc-ast",
        "type": "github"
      }
    },
    "cl-cc-type": {
      "flake": false,
      "locked": {
        "lastModified": 1784814789,
        "narHash": "sha256-L1mbh1pVpewp1pkD3EDr9Ln139trX7Ed2IPOSaSSWRo=",
        "owner": "nerima-lisp",
        "repo": "cl-cc-type",
        "rev": "5d67078cfdcc41b137056ca8357d19e6cbffb836",
        "type": "github"
      },
      "original": {
        "owner": "nerima-lisp",
        "repo": "cl-cc-type",
        "type": "github"
      }
    },
    "cl-cli": {
      "flake": false,
      "locked": {
        "lastModified": 1784528273,
        "narHash": "sha256-d/N5pupjPAj+zJGiZxrMTpDlIsVRQjBcqsu4SWcaxl4=",
        "owner": "nerima-lisp",
        "repo": "cl-cli",
        "rev": "fa6b60800e737d699ff0129efd9742dada775ddf",
        "type": "github"
      },
      "original": {
        "owner": "nerima-lisp",
        "repo": "cl-cli",
        "type": "github"
      }
    },
    "cl-dataflow": {
      "flake": false,
      "locked": {
        "lastModified": 1784529023,
        "narHash": "sha256-cyu/dU3ghDgymRAHMDo4i4B00OkJqU1yFIHFG2QJA2k=",
        "owner": "nerima-lisp",
        "repo": "cl-dataflow",
        "rev": "9cf1bd409ad9bdd45c9ef72ff6fe11a9cfd76e28",
        "type": "github"
      },
      "original": {
        "owner": "nerima-lisp",
        "repo": "cl-dataflow",
        "type": "github"
      }
    },
    "cl-parser-kit": {
      "flake": false,
      "locked": {
        "lastModified": 1784531490,
        "narHash": "sha256-k4Jr7nPq8QPrizEiUi9QBXFy3D5c7L3GzW70smjC44E=",
        "owner": "nerima-lisp",
        "repo": "cl-parser-kit",
        "rev": "d4a51e708324be2376b8a5720c3496adc629aecc",
        "type": "github"
      },
      "original": {
        "owner": "nerima-lisp",
        "repo": "cl-parser-kit",
        "type": "github"
      }
    },
    "cl-prolog": {
      "flake": false,
      "locked": {
        "lastModified": 1784437549,
        "narHash": "sha256-1WRrmNeniD1w1euhGhOCEpQoPVum5M2G6JVESAHzW1w=",
        "owner": "nerima-lisp",
        "repo": "cl-prolog",
        "rev": "b3049ad4f616e9b5cfc6987b1449b3f0920b1323",
        "type": "github"
      },
      "original": {
        "owner": "nerima-lisp",
        "repo": "cl-prolog",
        "type": "github"
      }
    },
    "cl-tty-kit": {
      "flake": false,
      "locked": {
        "lastModified": 1784527240,
        "narHash": "sha256-QcScMBgeSzvSU87dkD9NDaG70stXC705EInXOhRCihE=",
        "owner": "nerima-lisp",
        "repo": "cl-tty-kit",
        "rev": "9ee57e486396142035939e01730400c853e78c12",
        "type": "github"
      },
      "original": {
        "owner": "nerima-lisp",
        "repo": "cl-tty-kit",
        "type": "github"
      }
    },
    "cl-weave": {
      "flake": false,
      "locked": {
        "lastModified": 1784453306,
        "narHash": "sha256-Ff88QPdT2BKHSQF0HHeypPgvG0kQGBQXSilMyX2fMsY=",
        "owner": "nerima-lisp",
        "repo": "cl-weave",
        "rev": "bf6b7876e08246b78b550642abf7c40a0c469c50",
        "type": "github"
      },
      "original": {
        "owner": "nerima-lisp",
        "repo": "cl-weave",
        "type": "github"
      }
    },
    "flake-parts": {
      "inputs": {
        "nixpkgs-lib": [
          "nixpkgs"
        ]
      },
      "locked": {
        "lastModified": 1775087534,
        "narHash": "sha256-91qqW8lhL7TLwgQWijoGBbiD4t7/q75KTi8NxjVmSmA=",
        "owner": "hercules-ci",
        "repo": "flake-parts",
        "rev": "3107b77cd68437b9a76194f0f7f9c55f2329ca5b",
        "type": "github"
      },
      "original": {
        "owner": "hercules-ci",
        "repo": "flake-parts",
        "type": "github"
      }
    },
    "nixpkgs": {
      "locked": {
        "lastModified": 1776169885,
        "narHash": "sha256-l/iNYDZ4bGOAFQY2q8y5OAfBBtrDAaPuRQqWaFHVRXM=",
        "owner": "NixOS",
        "repo": "nixpkgs",
        "rev": "4bd9165a9165d7b5e33ae57f3eecbcb28fb231c9",
        "type": "github"
      },
      "original": {
        "owner": "NixOS",
        "ref": "nixos-unstable",
        "repo": "nixpkgs",
        "type": "github"
      }
    },
    "root": {
      "inputs": {
        "cl-boundary-kit": "cl-boundary-kit",
        "cl-cc-ast": "cl-cc-ast",
        "cl-cc-type": "cl-cc-type",
        "cl-cli": "cl-cli",
        "cl-dataflow": "cl-dataflow",
        "cl-parser-kit": "cl-parser-kit",
        "cl-prolog": "cl-prolog",
        "cl-tty-kit": "cl-tty-kit",
        "cl-weave": "cl-weave",
        "flake-parts": "flake-parts",
        "nixpkgs": "nixpkgs",
        "treefmt-nix": "treefmt-nix"
      }
    },
    "treefmt-nix": {
      "inputs": {
        "nixpkgs": [
          "nixpkgs"
        ]
      },
      "locked": {
        "lastModified": 1775636079,
        "narHash": "sha256-pc20NRoMdiar8oPQceQT47UUZMBTiMdUuWrYu2obUP0=",
        "owner": "numtide",
        "repo": "treefmt-nix",
        "rev": "790751ff7fd3801feeaf96d7dc416a8d581265ba",
        "type": "github"
      },
      "original": {
        "owner": "numtide",
        "repo": "treefmt-nix",
        "type": "github"
      }
    }
  },
  "root": "root",
  "version": 7
}
