{
  "nodes": {
    "cl-boundary-kit": {
      "flake": false,
      "locked": {
        "lastModified": 1784980104,
        "narHash": "sha256-TVaLVsz0/Sqp3Xlfzimbk31dEAupPyXtvVOG/+ER2co=",
        "owner": "nerima-lisp",
        "repo": "cl-boundary-kit",
        "rev": "472a38dfbd33792587b2b1f652c53256a189029f",
        "type": "github"
      },
      "original": {
        "owner": "nerima-lisp",
        "ref": "v0.6.0",
        "repo": "cl-boundary-kit",
        "type": "github"
      }
    },
    "cl-cc-ast": {
      "flake": false,
      "locked": {
        "lastModified": 1791347851,
        "narHash": "sha256-vCV7fstbWLkcTXIgQropeBlYhtTQpQp+olHQCdafOpA=",
        "owner": "nerima-lisp",
        "repo": "cl-cc-ast",
        "rev": "6e8a5fb57ef04a9cc31ff7c527bc0c12ba391955",
        "type": "github"
      },
      "original": {
        "owner": "nerima-lisp",
        "ref": "v0.2.1",
        "repo": "cl-cc-ast",
        "type": "github"
      }
    },
    "cl-cc-binary": {
      "flake": false,
      "locked": {
        "lastModified": 1791347853,
        "narHash": "sha256-2M1gNGfcdQI5dJVf6RqbcYRZfGPCtxnoKu0bYZ1dwGY=",
        "owner": "nerima-lisp",
        "repo": "cl-cc-binary",
        "rev": "6e5e94895d649c322fcf31545a8913d4b5661199",
        "type": "github"
      },
      "original": {
        "owner": "nerima-lisp",
        "ref": "v0.2.1",
        "repo": "cl-cc-binary",
        "type": "github"
      }
    },
    "cl-cc-bootstrap": {
      "flake": false,
      "locked": {
        "lastModified": 1791347853,
        "narHash": "sha256-OBpylEjX4m3p04tS30+kll5Qr7LpT/x/5jKqWCBKzPI=",
        "owner": "nerima-lisp",
        "repo": "cl-cc-bootstrap",
        "rev": "cb70e6d6460216e83ed736168694962ab67db986",
        "type": "github"
      },
      "original": {
        "owner": "nerima-lisp",
        "ref": "v0.1.1",
        "repo": "cl-cc-bootstrap",
        "type": "github"
      }
    },
    "cl-cc-codegen-native": {
      "flake": false,
      "locked": {
        "lastModified": 1791348283,
        "narHash": "sha256-dQCEys2XoFrysleK8fFDFUcsT2rZVLvrHTV4XwhHH4w=",
        "owner": "nerima-lisp",
        "repo": "cl-cc-codegen-native",
        "rev": "c36706f01c155aba20f03d113aa3d890fca1892e",
        "type": "github"
      },
      "original": {
        "owner": "nerima-lisp",
        "ref": "v0.2.1",
        "repo": "cl-cc-codegen-native",
        "type": "github"
      }
    },
    "cl-cc-cps": {
      "flake": false,
      "locked": {
        "lastModified": 1791348186,
        "narHash": "sha256-F8FU3k8Ix9EwDaKXAZX7VwrDs3Ye/MtKUKA1V3fgZWI=",
        "owner": "nerima-lisp",
        "repo": "cl-cc-cps",
        "rev": "522304d71ad700d131aac1b14b0a3ea24601579c",
        "type": "github"
      },
      "original": {
        "owner": "nerima-lisp",
        "ref": "v0.1.1",
        "repo": "cl-cc-cps",
        "type": "github"
      }
    },
    "cl-cc-expand": {
      "flake": false,
      "locked": {
        "lastModified": 1791348599,
        "narHash": "sha256-Bta0HmwlUVQSylxkSoVMr6WctTMMY6Cc2sL/U/Ej1eA=",
        "owner": "nerima-lisp",
        "repo": "cl-cc-expand",
        "rev": "44ad21db720553e4040e9c1575a5e7cef33f9b1b",
        "type": "github"
      },
      "original": {
        "owner": "nerima-lisp",
        "ref": "v0.1.1",
        "repo": "cl-cc-expand",
        "type": "github"
      }
    },
    "cl-cc-javascript": {
      "flake": false,
      "locked": {
        "lastModified": 1791347853,
        "narHash": "sha256-ikVsWURYjvqIstf3a7heepJ1TCyLPuzOEpUI+3Ge7TI=",
        "owner": "nerima-lisp",
        "repo": "cl-cc-javascript",
        "rev": "648b665a50a37f18b57d93cd1c089861ea709955",
        "type": "github"
      },
      "original": {
        "owner": "nerima-lisp",
        "ref": "v0.2.1",
        "repo": "cl-cc-javascript",
        "type": "github"
      }
    },
    "cl-cc-mir": {
      "flake": false,
      "locked": {
        "lastModified": 1785568792,
        "narHash": "sha256-TPtKQmnBievSF9/YGwF82zvaPWzAWSrS0CGnL1yYk1c=",
        "owner": "nerima-lisp",
        "repo": "cl-cc-mir",
        "rev": "9679e3a471df1bea446df9b22cb26a32e85c42c8",
        "type": "github"
      },
      "original": {
        "owner": "nerima-lisp",
        "repo": "cl-cc-mir",
        "rev": "9679e3a471df1bea446df9b22cb26a32e85c42c8",
        "type": "github"
      }
    },
    "cl-cc-optimize": {
      "flake": false,
      "locked": {
        "lastModified": 1791348745,
        "narHash": "sha256-77V4nCyLnP4iyFuKhv2VRCy0TJQxc4mOm5smEkCyv1c=",
        "owner": "nerima-lisp",
        "repo": "cl-cc-optimize",
        "rev": "ce4ab5df39139ff70bae6a8e8c555f9e75773cc3",
        "type": "github"
      },
      "original": {
        "owner": "nerima-lisp",
        "ref": "v0.5.2",
        "repo": "cl-cc-optimize",
        "type": "github"
      }
    },
    "cl-cc-parse": {
      "flake": false,
      "locked": {
        "lastModified": 1791347852,
        "narHash": "sha256-rCcTrMWHClX+beQQZYE2kl7zf3XAQlmumd102VTSJW4=",
        "owner": "nerima-lisp",
        "repo": "cl-cc-parse",
        "rev": "75d8699835731ec6ca44e15c82ef02601f5100fe",
        "type": "github"
      },
      "original": {
        "owner": "nerima-lisp",
        "ref": "v0.1.1",
        "repo": "cl-cc-parse",
        "type": "github"
      }
    },
    "cl-cc-php": {
      "flake": false,
      "locked": {
        "lastModified": 1791347853,
        "narHash": "sha256-m91Qfe0qjmHrGpH2D4dkrnS55idcug+6LrRTbHQM/lg=",
        "owner": "nerima-lisp",
        "repo": "cl-cc-php",
        "rev": "17045140c5192a09d883db27b01506388073041c",
        "type": "github"
      },
      "original": {
        "owner": "nerima-lisp",
        "ref": "v0.1.2",
        "repo": "cl-cc-php",
        "type": "github"
      }
    },
    "cl-cc-runtime": {
      "flake": false,
      "locked": {
        "lastModified": 1791347852,
        "narHash": "sha256-7YMB8llKfH+rn7T48D1kCIxZ9fs+MbrhVpvdBqva5zI=",
        "owner": "nerima-lisp",
        "repo": "cl-cc-runtime",
        "rev": "ea63063d628c12b55b7dbda90f1b926f6525aaf0",
        "type": "github"
      },
      "original": {
        "owner": "nerima-lisp",
        "ref": "v0.1.1",
        "repo": "cl-cc-runtime",
        "type": "github"
      }
    },
    "cl-cc-type": {
      "flake": false,
      "locked": {
        "lastModified": 1791348328,
        "narHash": "sha256-tK1BDQqfbHsrFzs2ibo7MRTQK/iaCG7vzgLqRnRddCA=",
        "owner": "nerima-lisp",
        "repo": "cl-cc-type",
        "rev": "62f458cc676613b45ff08e494fdde9214d225238",
        "type": "github"
      },
      "original": {
        "owner": "nerima-lisp",
        "ref": "v0.2.1",
        "repo": "cl-cc-type",
        "type": "github"
      }
    },
    "cl-cc-vm": {
      "flake": false,
      "locked": {
        "lastModified": 1791347852,
        "narHash": "sha256-XLwUwoOdXkS0mQ7Ck+KTdkEc0cV4E5JjX725X8bEq10=",
        "owner": "nerima-lisp",
        "repo": "cl-cc-vm",
        "rev": "a3bb2a0dc39a0078ae3c1e044e90332455515107",
        "type": "github"
      },
      "original": {
        "owner": "nerima-lisp",
        "ref": "v0.1.1",
        "repo": "cl-cc-vm",
        "type": "github"
      }
    },
    "cl-cli": {
      "flake": false,
      "locked": {
        "lastModified": 1785002244,
        "narHash": "sha256-Yt5PdWA/hHBR0KA7zpogvFpUUQ2QyKDyynwtSGDHNAI=",
        "owner": "nerima-lisp",
        "repo": "cl-cli",
        "rev": "59c0f4fad14178047d0d0ac4f19c2e6ff8362f31",
        "type": "github"
      },
      "original": {
        "owner": "nerima-lisp",
        "ref": "v1.0.1",
        "repo": "cl-cli",
        "type": "github"
      }
    },
    "cl-concurrent-kit": {
      "flake": false,
      "locked": {
        "lastModified": 1785553683,
        "narHash": "sha256-WNo6csaaldthSjLwzzj2/kJQ72QWJG2kvqTPDmrqR8s=",
        "owner": "nerima-lisp",
        "repo": "cl-concurrent-kit",
        "rev": "c129a0b4be03ef2b1671ab208f9b390573eb0412",
        "type": "github"
      },
      "original": {
        "owner": "nerima-lisp",
        "repo": "cl-concurrent-kit",
        "rev": "c129a0b4be03ef2b1671ab208f9b390573eb0412",
        "type": "github"
      }
    },
    "cl-dataflow-kit": {
      "flake": false,
      "locked": {
        "lastModified": 1786949793,
        "narHash": "sha256-26KT1QL7KJ2soRppDDoYwgXyzLKOZjPu0Un0eJBL5M4=",
        "owner": "nerima-lisp",
        "repo": "cl-dataflow-kit",
        "rev": "c4770c3b757bc40a9d5ecfc5de53871ec5da26c8",
        "type": "github"
      },
      "original": {
        "owner": "nerima-lisp",
        "ref": "v1.2.0",
        "repo": "cl-dataflow-kit",
        "type": "github"
      }
    },
    "cl-date-kit": {
      "flake": false,
      "locked": {
        "lastModified": 1785553683,
        "narHash": "sha256-fbQ2JU/mmDql+yAmD/sSZfQwf6M4Wx1JvyaMQxDRLJI=",
        "owner": "nerima-lisp",
        "repo": "cl-date-kit",
        "rev": "040f6bf936c0dd946a0049eaa715e4c1c6a40eb5",
        "type": "github"
      },
      "original": {
        "owner": "nerima-lisp",
        "repo": "cl-date-kit",
        "rev": "040f6bf936c0dd946a0049eaa715e4c1c6a40eb5",
        "type": "github"
      }
    },
    "cl-host-kit": {
      "flake": false,
      "locked": {
        "lastModified": 1785433376,
        "narHash": "sha256-sivxc+tzylWHzkRhIn6yAj8CFCTsoG+gFx7B2q6aBT4=",
        "owner": "nerima-lisp",
        "repo": "cl-host-kit",
        "rev": "e1b5bd199c93bc083e8dee58d0a70c233d1d9e86",
        "type": "github"
      },
      "original": {
        "owner": "nerima-lisp",
        "ref": "v0.2.1",
        "repo": "cl-host-kit",
        "type": "github"
      }
    },
    "cl-json-kit": {
      "flake": false,
      "locked": {
        "lastModified": 1784983583,
        "narHash": "sha256-e2Y1Ajgtbqnv4xBCtTUdL0gCxlyJyNb3XQzyJsuyR0I=",
        "owner": "nerima-lisp",
        "repo": "cl-json-kit",
        "rev": "62a3164ab812badf7dcbf94f4b4e4eda2ecd5fb1",
        "type": "github"
      },
      "original": {
        "owner": "nerima-lisp",
        "ref": "v1.0.0",
        "repo": "cl-json-kit",
        "type": "github"
      }
    },
    "cl-log-kit": {
      "flake": false,
      "locked": {
        "lastModified": 1784998499,
        "narHash": "sha256-MY41YW9Lw2ZaB7cctcvl4vIXXGrsOF/tXPbl4mn3ix8=",
        "owner": "nerima-lisp",
        "repo": "cl-log-kit",
        "rev": "53d1d81309e446afc805e0fe081628089223248b",
        "type": "github"
      },
      "original": {
        "owner": "nerima-lisp",
        "ref": "v1.0.0",
        "repo": "cl-log-kit",
        "type": "github"
      }
    },
    "cl-parser-kit": {
      "flake": false,
      "locked": {
        "lastModified": 1784998474,
        "narHash": "sha256-rqY2m2oCJX2/wVRQ98pNYxH5+QUPfuDqEyiK89D+h+g=",
        "owner": "nerima-lisp",
        "repo": "cl-parser-kit",
        "rev": "8316a9c9a4d39bc95cd2a7d33738750a12314ccc",
        "type": "github"
      },
      "original": {
        "owner": "nerima-lisp",
        "ref": "v1.0.0",
        "repo": "cl-parser-kit",
        "type": "github"
      }
    },
    "cl-process-kit": {
      "flake": false,
      "locked": {
        "lastModified": 1785012035,
        "narHash": "sha256-6vy6K+ZUYt9zcu3IUSohRjYNT1jMX/xtXJX3CewsUpA=",
        "owner": "nerima-lisp",
        "repo": "cl-process-kit",
        "rev": "359d127e84d1e876e253419953253a34db033070",
        "type": "github"
      },
      "original": {
        "owner": "nerima-lisp",
        "ref": "v1.0.1",
        "repo": "cl-process-kit",
        "type": "github"
      }
    },
    "cl-prolog-kit": {
      "flake": false,
      "locked": {
        "lastModified": 1786948477,
        "narHash": "sha256-3qn9W1Jmbxnr0Si77J7Klo26oX/zjgBVwb5ye74NsTY=",
        "owner": "nerima-lisp",
        "repo": "cl-prolog-kit",
        "rev": "239368e1001bc3a8576d45770c9e91da11515d09",
        "type": "github"
      },
      "original": {
        "owner": "nerima-lisp",
        "ref": "v1.5.0",
        "repo": "cl-prolog-kit",
        "type": "github"
      }
    },
    "cl-regex-kit": {
      "flake": false,
      "locked": {
        "lastModified": 1785436580,
        "narHash": "sha256-Dsruu9HMpsufKCdx9PfciYUTXm1c2GgBQ0dBr8jYlvQ=",
        "owner": "nerima-lisp",
        "repo": "cl-regex-kit",
        "rev": "6a149805c65ddc6b78b42950509a82935943ddd9",
        "type": "github"
      },
      "original": {
        "owner": "nerima-lisp",
        "ref": "v0.2.0",
        "repo": "cl-regex-kit",
        "type": "github"
      }
    },
    "cl-tty-kit": {
      "flake": false,
      "locked": {
        "lastModified": 1784998133,
        "narHash": "sha256-83+D9zLCiFwyhjwcgFx6s8LflB/R46Fn1Youg8SyJMA=",
        "owner": "nerima-lisp",
        "repo": "cl-tty-kit",
        "rev": "0dfde1c30049797b39f5d3d75d1eae605f92c4ca",
        "type": "github"
      },
      "original": {
        "owner": "nerima-lisp",
        "ref": "v1.0.0",
        "repo": "cl-tty-kit",
        "type": "github"
      }
    },
    "cl-weave": {
      "flake": false,
      "locked": {
        "lastModified": 1784975289,
        "narHash": "sha256-Je74eEojj79RuBQpVF8vSygjlSEhjnmMq8abgyB4sGc=",
        "owner": "nerima-lisp",
        "repo": "cl-weave",
        "rev": "41020b897003fc1e3097cd62643f83ee8334c3be",
        "type": "github"
      },
      "original": {
        "owner": "nerima-lisp",
        "ref": "v1.0.0",
        "repo": "cl-weave",
        "type": "github"
      }
    },
    "nixpkgs": {
      "locked": {
        "lastModified": 1790822859,
        "narHash": "sha256-69xHQhAeMAD2wDXO7T2pcOZIF9Sga2W+JkmY2a11Ops=",
        "owner": "NixOS",
        "repo": "nixpkgs",
        "rev": "c59305bab2065cfecc4944690d9eedbb56f3a9fa",
        "type": "github"
      },
      "original": {
        "owner": "NixOS",
        "ref": "nixos-unstable",
        "repo": "nixpkgs",
        "type": "github"
      }
    },
    "root": {
      "inputs": {
        "cl-boundary-kit": "cl-boundary-kit",
        "cl-cc-ast": "cl-cc-ast",
        "cl-cc-binary": "cl-cc-binary",
        "cl-cc-bootstrap": "cl-cc-bootstrap",
        "cl-cc-codegen-native": "cl-cc-codegen-native",
        "cl-cc-cps": "cl-cc-cps",
        "cl-cc-expand": "cl-cc-expand",
        "cl-cc-javascript": "cl-cc-javascript",
        "cl-cc-mir": "cl-cc-mir",
        "cl-cc-optimize": "cl-cc-optimize",
        "cl-cc-parse": "cl-cc-parse",
        "cl-cc-php": "cl-cc-php",
        "cl-cc-runtime": "cl-cc-runtime",
        "cl-cc-type": "cl-cc-type",
        "cl-cc-vm": "cl-cc-vm",
        "cl-cli": "cl-cli",
        "cl-concurrent-kit": "cl-concurrent-kit",
        "cl-dataflow-kit": "cl-dataflow-kit",
        "cl-date-kit": "cl-date-kit",
        "cl-host-kit": "cl-host-kit",
        "cl-json-kit": "cl-json-kit",
        "cl-log-kit": "cl-log-kit",
        "cl-parser-kit": "cl-parser-kit",
        "cl-process-kit": "cl-process-kit",
        "cl-prolog-kit": "cl-prolog-kit",
        "cl-regex-kit": "cl-regex-kit",
        "cl-tty-kit": "cl-tty-kit",
        "cl-weave": "cl-weave",
        "nixpkgs": "nixpkgs",
        "treefmt-nix": "treefmt-nix"
      }
    },
    "treefmt-nix": {
      "inputs": {
        "nixpkgs": [
          "nixpkgs"
        ]
      },
      "locked": {
        "lastModified": 1786901030,
        "narHash": "sha256-WSFCsDSE5ffgD2MqzkM2CYjeFiKhRF/dJUN8uedb6YE=",
        "owner": "numtide",
        "repo": "treefmt-nix",
        "rev": "27b3b12a8e6375f28ebe122f07d230ca5459bbfa",
        "type": "github"
      },
      "original": {
        "owner": "numtide",
        "repo": "treefmt-nix",
        "type": "github"
      }
    }
  },
  "root": "root",
  "version": 7
}
